<?xml version="1.0" encoding="utf-8"?>
<Project ToolsVersion="4.0" xmlns="http://schemas.microsoft.com/developer/msbuild/2003">
  <ItemGroup>
    <ClCompile Include="main.cpp" />
    <ClCompile Include="pcg\pcg_basic.c">
      <Filter>pcg</Filter>
    </ClCompile>
  </ItemGroup>
  <ItemGroup>
    <ClInclude Include="Random.h" />
    <ClInclude Include="pcg\pcg_basic.h">
      <Filter>pcg</Filter>
    </ClInclude>
    <ClInclude Include="MathUtils.h" />
    <ClInclude Include="IndexToColor.h" />
    <ClInclude Include="Hard.h" />
    <ClInclude Include="Grid.h" />
    <ClInclude Include="Soft.h" />
    <ClInclude Include="HardAdaptive.h" />
    <ClInclude Include="stb\stb_image.h">
      <Filter>stb</Filter>
    </ClInclude>
    <ClInclude Include="stb\stb_image_write.h">
      <Filter>stb</Filter>
    </ClInclude>
  </ItemGroup>
  <ItemGroup>
    <Filter Include="pcg">
      <UniqueIdentifier>{4a8d244c-8646-4ad4-9caf-8c4d9a69c093}</UniqueIdentifier>
    </Filter>
    <Filter Include="PaperData">
      <UniqueIdentifier>{4d572751-8190-40ff-b5f5-931647ef6d37}</UniqueIdentifier>
    </Filter>
    <Filter Include="stb">
      <UniqueIdentifier>{0f00f765-f5d9-49d6-a712-273da1059960}</UniqueIdentifier>
    </Filter>
  </ItemGroup>
  <ItemGroup>
    <Text Include="paperdata\Hard0.txt">
      <Filter>PaperData</Filter>
    </Text>
    <Text Include="paperdata\Hard1.txt">
      <Filter>PaperData</Filter>
    </Text>
    <Text Include="paperdata\Hard2.txt">
      <Filter>PaperData</Filter>
    </Text>
    <Text Include="paperdata\Hard3.txt">
      <Filter>PaperData</Filter>
    </Text>
    <Text Include="paperdata\Hard4.txt">
      <Filter>PaperData</Filter>
    </Text>
    <Text Include="paperdata\Hard5.txt">
      <Filter>PaperData</Filter>
    </Text>
    <Text Include="paperdata\Hard6.txt">
      <Filter>PaperData</Filter>
    </Text>
    <Text Include="paperdata\Hard7.txt">
      <Filter>PaperData</Filter>
    </Text>
    <Text Include="paperdata\Hard8.txt">
      <Filter>PaperData</Filter>
    </Text>
    <Text Include="paperdata\Hard9.txt">
      <Filter>PaperData</Filter>
    </Text>
    <Text Include="paperdata\adaptive0.txt">
      <Filter>PaperData</Filter>
    </Text>
    <Text Include="paperdata\adaptive1.txt">
      <Filter>PaperData</Filter>
    </Text>
    <Text Include="paperdata\adaptive2.txt">
      <Filter>PaperData</Filter>
    </Text>
    <Text Include="paperdata\adaptive3.txt">
      <Filter>PaperData</Filter>
    </Text>
    <Text Include="paperdata\adaptive4.txt">
      <Filter>PaperData</Filter>
    </Text>
    <Text Include="paperdata\adaptive5.txt">
      <Filter>PaperData</Filter>
    </Text>
    <Text Include="paperdata\adaptive6.txt">
      <Filter>PaperData</Filter>
    </Text>
    <Text Include="paperdata\adaptive7.txt">
      <Filter>PaperData</Filter>
    </Text>
    <Text Include="paperdata\adaptive8.txt">
      <Filter>PaperData</Filter>
    </Text>
    <Text Include="paperdata\adaptive9.txt">
      <Filter>PaperData</Filter>
    </Text>
  </ItemGroup>
</Project>